
Microsoft Visual Studio Solution File, Format Version 12.00
Project("{FAE04EC0-301F-11D3-BF4B-00C04F79EFBC}") = "Domain", "Domain\Domain.csproj", "{5C0F3CE8-FB53-4B66-BA3D-47EEB638505E}"
EndProject
Project("{FAE04EC0-301F-11D3-BF4B-00C04F79EFBC}") = "WFC", "WFC\WFC.csproj", "{F156F51A-7134-462C-A7C1-5DD2E537BB78}"
EndProject
Project("{FAE04EC0-301F-11D3-BF4B-00C04F79EFBC}") = "Grammar", "Grammar\Grammar.csproj", "{13A5B3ED-AD4A-4044-865B-96560EABAD53}"
EndProject
Project("{FAE04EC0-301F-11D3-BF4B-00C04F79EFBC}") = "LevelGeneration", "LevelGeneration\LevelGeneration.csproj", "{8733845B-C9F4-4C47-A8EB-6543B81D41BA}"
EndProject
Project("{FAE04EC0-301F-11D3-BF4B-00C04F79EFBC}") = "MapElites", "MapElites\MapElites.csproj", "{1FF66D9E-3D2F-4D52-A3AB-6BD46F5DD7E8}"
EndProject
Project("{FAE04EC0-301F-11D3-BF4B-00C04F79EFBC}") = "Pokémon", "Pokémon\Pokémon.csproj", "{8577CE14-C193-4C60-98EE-43291021CC3D}"
EndProject
Project("{FAE04EC0-301F-11D3-BF4B-00C04F79EFBC}") = "CLI", "CLI\CLI.csproj", "{99505EE9-7CAF-4F1A-98FA-134378FC0ECB}"
EndProject
Project("{FAE04EC0-301F-11D3-BF4B-00C04F79EFBC}") = "WFC.Tests", "WFC.Tests\WFC.Tests.csproj", "{C282ACD2-7D41-4032-AE8C-C0BE02413361}"
EndProject
Project("{FAE04EC0-301F-11D3-BF4B-00C04F79EFBC}") = "Domain.Tests", "Domain.Tests\Domain.Tests.csproj", "{E5A04D39-D56D-425C-B7DC-87BE2AE010C3}"
EndProject
Project("{FAE04EC0-301F-11D3-BF4B-00C04F79EFBC}") = "ImageAnalysis", "ImageAnalysis\ImageAnalysis.csproj", "{06BF7689-36D1-4061-B220-73AF308FBFF7}"
EndProject
Global
	GlobalSection(SolutionConfigurationPlatforms) = preSolution
		Debug|Any CPU = Debug|Any CPU
		Release|Any CPU = Release|Any CPU
	EndGlobalSection
	GlobalSection(ProjectConfigurationPlatforms) = postSolution
		{5C0F3CE8-FB53-4B66-BA3D-47EEB638505E}.Debug|Any CPU.ActiveCfg = Debug|Any CPU
		{5C0F3CE8-FB53-4B66-BA3D-47EEB638505E}.Debug|Any CPU.Build.0 = Debug|Any CPU
		{5C0F3CE8-FB53-4B66-BA3D-47EEB638505E}.Release|Any CPU.ActiveCfg = Release|Any CPU
		{5C0F3CE8-FB53-4B66-BA3D-47EEB638505E}.Release|Any CPU.Build.0 = Release|Any CPU
		{F156F51A-7134-462C-A7C1-5DD2E537BB78}.Debug|Any CPU.ActiveCfg = Debug|Any CPU
		{F156F51A-7134-462C-A7C1-5DD2E537BB78}.Debug|Any CPU.Build.0 = Debug|Any CPU
		{F156F51A-7134-462C-A7C1-5DD2E537BB78}.Release|Any CPU.ActiveCfg = Release|Any CPU
		{F156F51A-7134-462C-A7C1-5DD2E537BB78}.Release|Any CPU.Build.0 = Release|Any CPU
		{13A5B3ED-AD4A-4044-865B-96560EABAD53}.Debug|Any CPU.ActiveCfg = Debug|Any CPU
		{13A5B3ED-AD4A-4044-865B-96560EABAD53}.Debug|Any CPU.Build.0 = Debug|Any CPU
		{13A5B3ED-AD4A-4044-865B-96560EABAD53}.Release|Any CPU.ActiveCfg = Release|Any CPU
		{13A5B3ED-AD4A-4044-865B-96560EABAD53}.Release|Any CPU.Build.0 = Release|Any CPU
		{8733845B-C9F4-4C47-A8EB-6543B81D41BA}.Debug|Any CPU.ActiveCfg = Debug|Any CPU
		{8733845B-C9F4-4C47-A8EB-6543B81D41BA}.Debug|Any CPU.Build.0 = Debug|Any CPU
		{8733845B-C9F4-4C47-A8EB-6543B81D41BA}.Release|Any CPU.ActiveCfg = Release|Any CPU
		{8733845B-C9F4-4C47-A8EB-6543B81D41BA}.Release|Any CPU.Build.0 = Release|Any CPU
		{1FF66D9E-3D2F-4D52-A3AB-6BD46F5DD7E8}.Debug|Any CPU.ActiveCfg = Debug|Any CPU
		{1FF66D9E-3D2F-4D52-A3AB-6BD46F5DD7E8}.Debug|Any CPU.Build.0 = Debug|Any CPU
		{1FF66D9E-3D2F-4D52-A3AB-6BD46F5DD7E8}.Release|Any CPU.ActiveCfg = Release|Any CPU
		{1FF66D9E-3D2F-4D52-A3AB-6BD46F5DD7E8}.Release|Any CPU.Build.0 = Release|Any CPU
		{8577CE14-C193-4C60-98EE-43291021CC3D}.Debug|Any CPU.ActiveCfg = Debug|Any CPU
		{8577CE14-C193-4C60-98EE-43291021CC3D}.Debug|Any CPU.Build.0 = Debug|Any CPU
		{8577CE14-C193-4C60-98EE-43291021CC3D}.Release|Any CPU.ActiveCfg = Release|Any CPU
		{8577CE14-C193-4C60-98EE-43291021CC3D}.Release|Any CPU.Build.0 = Release|Any CPU
		{99505EE9-7CAF-4F1A-98FA-134378FC0ECB}.Debug|Any CPU.ActiveCfg = Debug|Any CPU
		{99505EE9-7CAF-4F1A-98FA-134378FC0ECB}.Debug|Any CPU.Build.0 = Debug|Any CPU
		{99505EE9-7CAF-4F1A-98FA-134378FC0ECB}.Release|Any CPU.ActiveCfg = Release|Any CPU
		{99505EE9-7CAF-4F1A-98FA-134378FC0ECB}.Release|Any CPU.Build.0 = Release|Any CPU
		{C282ACD2-7D41-4032-AE8C-C0BE02413361}.Debug|Any CPU.ActiveCfg = Debug|Any CPU
		{C282ACD2-7D41-4032-AE8C-C0BE02413361}.Debug|Any CPU.Build.0 = Debug|Any CPU
		{C282ACD2-7D41-4032-AE8C-C0BE02413361}.Release|Any CPU.ActiveCfg = Release|Any CPU
		{C282ACD2-7D41-4032-AE8C-C0BE02413361}.Release|Any CPU.Build.0 = Release|Any CPU
		{E5A04D39-D56D-425C-B7DC-87BE2AE010C3}.Debug|Any CPU.ActiveCfg = Debug|Any CPU
		{E5A04D39-D56D-425C-B7DC-87BE2AE010C3}.Debug|Any CPU.Build.0 = Debug|Any CPU
		{E5A04D39-D56D-425C-B7DC-87BE2AE010C3}.Release|Any CPU.ActiveCfg = Release|Any CPU
		{E5A04D39-D56D-425C-B7DC-87BE2AE010C3}.Release|Any CPU.Build.0 = Release|Any CPU
		{06BF7689-36D1-4061-B220-73AF308FBFF7}.Debug|Any CPU.ActiveCfg = Debug|Any CPU
		{06BF7689-36D1-4061-B220-73AF308FBFF7}.Debug|Any CPU.Build.0 = Debug|Any CPU
		{06BF7689-36D1-4061-B220-73AF308FBFF7}.Release|Any CPU.ActiveCfg = Release|Any CPU
		{06BF7689-36D1-4061-B220-73AF308FBFF7}.Release|Any CPU.Build.0 = Release|Any CPU
	EndGlobalSection
EndGlobal
